
Microsoft Visual Studio Solution File, Format Version 12.00
# Visual Studio Version 16
VisualStudioVersion = 16.0.29215.179
MinimumVisualStudioVersion = 10.0.40219.1
Project("{FAE04EC0-301F-11D3-BF4B-00C04F79EFBC}") = "ListView_Add", "ListView_Add\ListView_Add.csproj", "{90590E9E-271E-4D82-B335-93CC2E35098B}"
EndProject
Global
	GlobalSection(SolutionConfigurationPlatforms) = preSolution
		Debug|Any CPU = Debug|Any CPU
		Release|Any CPU = Release|Any CPU
	EndGlobalSection
	GlobalSection(ProjectConfigurationPlatforms) = postSolution
		{90590E9E-271E-4D82-B335-93CC2E35098B}.Debug|Any CPU.ActiveCfg = Debug|Any CPU
		{90590E9E-271E-4D82-B335-93CC2E35098B}.Debug|Any CPU.Build.0 = Debug|Any CPU
		{90590E9E-271E-4D82-B335-93CC2E35098B}.Debug|Any CPU.Deploy.0 = Debug|Any CPU
		{90590E9E-271E-4D82-B335-93CC2E35098B}.Release|Any CPU.ActiveCfg = Release|Any CPU
		{90590E9E-271E-4D82-B335-93CC2E35098B}.Release|Any CPU.Build.0 = Release|Any CPU
		{90590E9E-271E-4D82-B335-93CC2E35098B}.Release|Any CPU.Deploy.0 = Release|Any CPU
	EndGlobalSection
	GlobalSection(SolutionProperties) = preSolution
		HideSolutionNode = FALSE
	EndGlobalSection
	GlobalSection(ExtensibilityGlobals) = postSolution
		SolutionGuid = {A7C6A720-D6FB-4501-8A4D-BB43C76D3BA4}
	EndGlobalSection
EndGlobal
