
Microsoft Visual Studio Solution File, Format Version 12.00
# Visual Studio 15
VisualStudioVersion = 15.0.27703.2026
MinimumVisualStudioVersion = 10.0.40219.1
Project("{D2ABAB84-BF74-430A-B69E-9DC6D40DDA17}") = "TestSCOPE", "TestSCOPE\TestSCOPE.dwproj", "{D762B3B1-C72C-4E11-9802-90C681CDF5C3}"
EndProject
Global
	GlobalSection(SolutionConfigurationPlatforms) = preSolution
		Development|Default = Development|Default
	EndGlobalSection
	GlobalSection(ProjectConfigurationPlatforms) = postSolution
		{D762B3B1-C72C-4E11-9802-90C681CDF5C3}.Development|Default.ActiveCfg = Development
		{D762B3B1-C72C-4E11-9802-90C681CDF5C3}.Development|Default.Build.0 = Development
		{D762B3B1-C72C-4E11-9802-90C681CDF5C3}.Development|Default.Deploy.0 = Development
	EndGlobalSection
	GlobalSection(SolutionProperties) = preSolution
		HideSolutionNode = FALSE
	EndGlobalSection
	GlobalSection(ExtensibilityGlobals) = postSolution
		SolutionGuid = {0C8F241C-8EC1-4664-9CAB-812F5087B5C4}
	EndGlobalSection
EndGlobal
