
Microsoft Visual Studio Solution File, Format Version 12.00
# Visual Studio Version 16
VisualStudioVersion = 16.0.29215.179
MinimumVisualStudioVersion = 10.0.40219.1
Project("{FAE04EC0-301F-11D3-BF4B-00C04F79EFBC}") = "Button", "Button\Button.csproj", "{BB513115-3911-4CB3-9B1C-EB1978717DFD}"
EndProject
Global
	GlobalSection(SolutionConfigurationPlatforms) = preSolution
		Debug|Any CPU = Debug|Any CPU
		Release|Any CPU = Release|Any CPU
	EndGlobalSection
	GlobalSection(ProjectConfigurationPlatforms) = postSolution
		{BB513115-3911-4CB3-9B1C-EB1978717DFD}.Debug|Any CPU.ActiveCfg = Debug|Any CPU
		{BB513115-3911-4CB3-9B1C-EB1978717DFD}.Debug|Any CPU.Build.0 = Debug|Any CPU
		{BB513115-3911-4CB3-9B1C-EB1978717DFD}.Debug|Any CPU.Deploy.0 = Debug|Any CPU
		{BB513115-3911-4CB3-9B1C-EB1978717DFD}.Release|Any CPU.ActiveCfg = Release|Any CPU
		{BB513115-3911-4CB3-9B1C-EB1978717DFD}.Release|Any CPU.Build.0 = Release|Any CPU
		{BB513115-3911-4CB3-9B1C-EB1978717DFD}.Release|Any CPU.Deploy.0 = Release|Any CPU
	EndGlobalSection
	GlobalSection(SolutionProperties) = preSolution
		HideSolutionNode = FALSE
	EndGlobalSection
	GlobalSection(ExtensibilityGlobals) = postSolution
		SolutionGuid = {8E1422A1-34BD-4E76-8D69-05DE5D78A4D9}
	EndGlobalSection
EndGlobal
